
Microsoft Visual Studio Solution File, Format Version 12.00
# Visual Studio Version 16
VisualStudioVersion = 16.0.31605.320
MinimumVisualStudioVersion = 10.0.40219.1
Project("{2150E333-8FDC-42A3-9474-1A3956D46DE8}") = "Services", "Services", "{9AE3C8CC-EDFD-4D68-97F8-25BEE1590B01}"
EndProject
Project("{2150E333-8FDC-42A3-9474-1A3956D46DE8}") = "Catalog", "Catalog", "{84AE3686-48D3-43FD-A1F5-B5DEA0D86BD5}"
EndProject
Project("{9A19103F-16F7-4668-BE54-9A1E7A4F7556}") = "FreeCource.Services.Catalog", "Services\Catalog\FreeCource.Services.Catalog\FreeCource.Services.Catalog.csproj", "{5F7457A2-9AC6-410B-8848-3491EACD085B}"
EndProject
Project("{2150E333-8FDC-42A3-9474-1A3956D46DE8}") = "Solution Items", "Solution Items", "{64320F4F-0DD1-4008-B091-C2D75B1C72FA}"
	ProjectSection(SolutionItems) = preProject
		Port.txt = Port.txt
	EndProjectSection
EndProject
Project("{2150E333-8FDC-42A3-9474-1A3956D46DE8}") = "Shared", "Shared", "{6035296A-76A6-4F23-9972-08B28AF5F9CA}"
EndProject
Project("{9A19103F-16F7-4668-BE54-9A1E7A4F7556}") = "FreeCource.Shared", "Shared\FreeCource.Shared\FreeCource.Shared.csproj", "{C13A7BBC-699F-492D-BED2-20E3D11D7C9F}"
EndProject
Project("{2150E333-8FDC-42A3-9474-1A3956D46DE8}") = "IdentityServer", "IdentityServer", "{BD0A3063-1249-4BB9-94DB-BA28BF9528AE}"
EndProject
Project("{9A19103F-16F7-4668-BE54-9A1E7A4F7556}") = "FreeCource.IdentityServer", "IdentityServer\FreeCource.IdentityServer\FreeCource.IdentityServer.csproj", "{1F56DB3D-F7D9-490B-835A-62A812E235D9}"
EndProject
Project("{2150E333-8FDC-42A3-9474-1A3956D46DE8}") = "PhotoStock", "PhotoStock", "{6F793D4A-0B14-4F2B-9421-9479C3177659}"
EndProject
Project("{9A19103F-16F7-4668-BE54-9A1E7A4F7556}") = "FreeCourse.Service.PhotoStock", "Services\PhotoStock\FreeCourse.Service.PhotoStock\FreeCourse.Service.PhotoStock.csproj", "{09F843D6-90E7-425C-96E0-F32FA596F9EF}"
EndProject
Project("{2150E333-8FDC-42A3-9474-1A3956D46DE8}") = "Basket", "Basket", "{E6A7C0D4-055F-494B-B050-9A8F73EE7480}"
EndProject
Project("{FAE04EC0-301F-11D3-BF4B-00C04F79EFBC}") = "FreeCourse.Services.Basket", "Services\Basket\FreeCourse.Services.Basket\FreeCourse.Services.Basket.csproj", "{87821B27-6C29-461D-BBBA-0733F809BBD6}"
EndProject
Global
	GlobalSection(SolutionConfigurationPlatforms) = preSolution
		Debug|Any CPU = Debug|Any CPU
		Release|Any CPU = Release|Any CPU
	EndGlobalSection
	GlobalSection(ProjectConfigurationPlatforms) = postSolution
		{5F7457A2-9AC6-410B-8848-3491EACD085B}.Debug|Any CPU.ActiveCfg = Debug|Any CPU
		{5F7457A2-9AC6-410B-8848-3491EACD085B}.Debug|Any CPU.Build.0 = Debug|Any CPU
		{5F7457A2-9AC6-410B-8848-3491EACD085B}.Release|Any CPU.ActiveCfg = Release|Any CPU
		{5F7457A2-9AC6-410B-8848-3491EACD085B}.Release|Any CPU.Build.0 = Release|Any CPU
		{C13A7BBC-699F-492D-BED2-20E3D11D7C9F}.Debug|Any CPU.ActiveCfg = Debug|Any CPU
		{C13A7BBC-699F-492D-BED2-20E3D11D7C9F}.Debug|Any CPU.Build.0 = Debug|Any CPU
		{C13A7BBC-699F-492D-BED2-20E3D11D7C9F}.Release|Any CPU.ActiveCfg = Release|Any CPU
		{C13A7BBC-699F-492D-BED2-20E3D11D7C9F}.Release|Any CPU.Build.0 = Release|Any CPU
		{1F56DB3D-F7D9-490B-835A-62A812E235D9}.Debug|Any CPU.ActiveCfg = Debug|Any CPU
		{1F56DB3D-F7D9-490B-835A-62A812E235D9}.Debug|Any CPU.Build.0 = Debug|Any CPU
		{1F56DB3D-F7D9-490B-835A-62A812E235D9}.Release|Any CPU.ActiveCfg = Release|Any CPU
		{1F56DB3D-F7D9-490B-835A-62A812E235D9}.Release|Any CPU.Build.0 = Release|Any CPU
		{09F843D6-90E7-425C-96E0-F32FA596F9EF}.Debug|Any CPU.ActiveCfg = Debug|Any CPU
		{09F843D6-90E7-425C-96E0-F32FA596F9EF}.Debug|Any CPU.Build.0 = Debug|Any CPU
		{09F843D6-90E7-425C-96E0-F32FA596F9EF}.Release|Any CPU.ActiveCfg = Release|Any CPU
		{09F843D6-90E7-425C-96E0-F32FA596F9EF}.Release|Any CPU.Build.0 = Release|Any CPU
		{87821B27-6C29-461D-BBBA-0733F809BBD6}.Debug|Any CPU.ActiveCfg = Debug|Any CPU
		{87821B27-6C29-461D-BBBA-0733F809BBD6}.Debug|Any CPU.Build.0 = Debug|Any CPU
		{87821B27-6C29-461D-BBBA-0733F809BBD6}.Release|Any CPU.ActiveCfg = Release|Any CPU
		{87821B27-6C29-461D-BBBA-0733F809BBD6}.Release|Any CPU.Build.0 = Release|Any CPU
	EndGlobalSection
	GlobalSection(SolutionProperties) = preSolution
		HideSolutionNode = FALSE
	EndGlobalSection
	GlobalSection(NestedProjects) = preSolution
		{84AE3686-48D3-43FD-A1F5-B5DEA0D86BD5} = {9AE3C8CC-EDFD-4D68-97F8-25BEE1590B01}
		{5F7457A2-9AC6-410B-8848-3491EACD085B} = {84AE3686-48D3-43FD-A1F5-B5DEA0D86BD5}
		{C13A7BBC-699F-492D-BED2-20E3D11D7C9F} = {6035296A-76A6-4F23-9972-08B28AF5F9CA}
		{1F56DB3D-F7D9-490B-835A-62A812E235D9} = {BD0A3063-1249-4BB9-94DB-BA28BF9528AE}
		{6F793D4A-0B14-4F2B-9421-9479C3177659} = {9AE3C8CC-EDFD-4D68-97F8-25BEE1590B01}
		{09F843D6-90E7-425C-96E0-F32FA596F9EF} = {6F793D4A-0B14-4F2B-9421-9479C3177659}
		{E6A7C0D4-055F-494B-B050-9A8F73EE7480} = {9AE3C8CC-EDFD-4D68-97F8-25BEE1590B01}
		{87821B27-6C29-461D-BBBA-0733F809BBD6} = {E6A7C0D4-055F-494B-B050-9A8F73EE7480}
	EndGlobalSection
	GlobalSection(ExtensibilityGlobals) = postSolution
		SolutionGuid = {5C81F621-9294-48F6-ADCB-D3EB58219844}
	EndGlobalSection
EndGlobal
